
Microsoft Visual Studio Solution File, Format Version 12.00
# Visual Studio 15
VisualStudioVersion = 15.0.27130.2010
MinimumVisualStudioVersion = 10.0.40219.1
Project("{FAE04EC0-301F-11D3-BF4B-00C04F79EFBC}") = "TravelCompanyFakeComponent", "TravelCompanyFakeComponent\TravelCompanyFakeComponent.csproj", "{480B1D58-5EB5-4381-A82E-1517F1D023C5}"
EndProject
Project("{FAE04EC0-301F-11D3-BF4B-00C04F79EFBC}") = "Console", "Console\Console.csproj", "{08AA4FF4-95AD-4A56-8613-F4523BAC6F32}"
EndProject
Global
	GlobalSection(SolutionConfigurationPlatforms) = preSolution
		Debug|Any CPU = Debug|Any CPU
		Release|Any CPU = Release|Any CPU
	EndGlobalSection
	GlobalSection(ProjectConfigurationPlatforms) = postSolution
		{480B1D58-5EB5-4381-A82E-1517F1D023C5}.Debug|Any CPU.ActiveCfg = Debug|Any CPU
		{480B1D58-5EB5-4381-A82E-1517F1D023C5}.Debug|Any CPU.Build.0 = Debug|Any CPU
		{480B1D58-5EB5-4381-A82E-1517F1D023C5}.Release|Any CPU.ActiveCfg = Release|Any CPU
		{480B1D58-5EB5-4381-A82E-1517F1D023C5}.Release|Any CPU.Build.0 = Release|Any CPU
		{08AA4FF4-95AD-4A56-8613-F4523BAC6F32}.Debug|Any CPU.ActiveCfg = Debug|Any CPU
		{08AA4FF4-95AD-4A56-8613-F4523BAC6F32}.Debug|Any CPU.Build.0 = Debug|Any CPU
		{08AA4FF4-95AD-4A56-8613-F4523BAC6F32}.Release|Any CPU.ActiveCfg = Release|Any CPU
		{08AA4FF4-95AD-4A56-8613-F4523BAC6F32}.Release|Any CPU.Build.0 = Release|Any CPU
	EndGlobalSection
	GlobalSection(SolutionProperties) = preSolution
		HideSolutionNode = FALSE
	EndGlobalSection
	GlobalSection(ExtensibilityGlobals) = postSolution
		SolutionGuid = {0FB33394-36F1-42D1-8737-539AB15AF1A6}
	EndGlobalSection
EndGlobal
