
Microsoft Visual Studio Solution File, Format Version 12.00
# Visual Studio 15
VisualStudioVersion = 15.0.27130.2010
MinimumVisualStudioVersion = 10.0.40219.1
Project("{FAE04EC0-301F-11D3-BF4B-00C04F79EFBC}") = "ITravelCompany", "ITravelCompany\ITravelCompany.csproj", "{BB55745B-A2EE-4EBE-88C2-5A38A74368C0}"
EndProject
Global
	GlobalSection(SolutionConfigurationPlatforms) = preSolution
		Debug|Any CPU = Debug|Any CPU
		Release|Any CPU = Release|Any CPU
	EndGlobalSection
	GlobalSection(ProjectConfigurationPlatforms) = postSolution
		{BB55745B-A2EE-4EBE-88C2-5A38A74368C0}.Debug|Any CPU.ActiveCfg = Debug|Any CPU
		{BB55745B-A2EE-4EBE-88C2-5A38A74368C0}.Debug|Any CPU.Build.0 = Debug|Any CPU
		{BB55745B-A2EE-4EBE-88C2-5A38A74368C0}.Release|Any CPU.ActiveCfg = Release|Any CPU
		{BB55745B-A2EE-4EBE-88C2-5A38A74368C0}.Release|Any CPU.Build.0 = Release|Any CPU
	EndGlobalSection
	GlobalSection(SolutionProperties) = preSolution
		HideSolutionNode = FALSE
	EndGlobalSection
	GlobalSection(ExtensibilityGlobals) = postSolution
		SolutionGuid = {0FB33394-36F1-42D1-8737-539AB15AF1A6}
	EndGlobalSection
EndGlobal
